
Microsoft Visual Studio Solution File, Format Version 12.00
# Visual Studio Version 17
VisualStudioVersion = 17.5.33516.290
MinimumVisualStudioVersion = 10.0.40219.1
Project("{9A19103F-16F7-4668-BE54-9A1E7A4F7556}") = "GC", "GC Main\GC.csproj", "{F466E935-3348-48B3-958F-A81D7F4444A4}"
EndProject
Project("{2150E333-8FDC-42A3-9474-1A3956D46DE8}") = "Solution Items", "Solution Items", "{91A9B7A6-3543-45C8-BDFE-F0C088CECDC7}"
	ProjectSection(SolutionItems) = preProject
		LICENSE.txt = LICENSE.txt
		README.md = README.md
	EndProjectSection
EndProject
Global
	GlobalSection(SolutionConfigurationPlatforms) = preSolution
		Debug|Any CPU = Debug|Any CPU
		Release|Any CPU = Release|Any CPU
	EndGlobalSection
	GlobalSection(ProjectConfigurationPlatforms) = postSolution
		{F466E935-3348-48B3-958F-A81D7F4444A4}.Debug|Any CPU.ActiveCfg = Debug|Any CPU
		{F466E935-3348-48B3-958F-A81D7F4444A4}.Debug|Any CPU.Build.0 = Debug|Any CPU
		{F466E935-3348-48B3-958F-A81D7F4444A4}.Release|Any CPU.ActiveCfg = Release|Any CPU
		{F466E935-3348-48B3-958F-A81D7F4444A4}.Release|Any CPU.Build.0 = Release|Any CPU
	EndGlobalSection
	GlobalSection(SolutionProperties) = preSolution
		HideSolutionNode = FALSE
	EndGlobalSection
	GlobalSection(ExtensibilityGlobals) = postSolution
		SolutionGuid = {C330B61C-071D-4637-9242-C94C9501EF0E}
	EndGlobalSection
EndGlobal
